// !$*UTF8*$!
{
	archiveVersion = 1;
	classes = {
	};
	objectVersion = 50;
	objects = {

/* Begin PBXBuildFile section */
		0235F5C2AC5F0C7495AC2083 /* Pods_Mindvalley_TestTests.framework in Frameworks */ = {isa = PBXBuildFile; fileRef = 6A10EA0316BA56E3B4136577 /* Pods_Mindvalley_TestTests.framework */; };
		60C693C221B44A3800FA4506 /* ImageListViewModel.swift in Sources */ = {isa = PBXBuildFile; fileRef = 60C693B521B44A3800FA4506 /* ImageListViewModel.swift */; };
		60C693C321B44A3800FA4506 /* CategoryDataModel.swift in Sources */ = {isa = PBXBuildFile; fileRef = 60C693B721B44A3800FA4506 /* CategoryDataModel.swift */; };
		60C693C421B44A3800FA4506 /* BaseDataModel.swift in Sources */ = {isa = PBXBuildFile; fileRef = 60C693B821B44A3800FA4506 /* BaseDataModel.swift */; };
		60C693C521B44A3800FA4506 /* UserDataModel.swift in Sources */ = {isa = PBXBuildFile; fileRef = 60C693B921B44A3800FA4506 /* UserDataModel.swift */; };
		60C693C621B44A3800FA4506 /* ImageDataModel.swift in Sources */ = {isa = PBXBuildFile; fileRef = 60C693BA21B44A3800FA4506 /* ImageDataModel.swift */; };
		60C693C721B44A3800FA4506 /* ImageTableViewCell.swift in Sources */ = {isa = PBXBuildFile; fileRef = 60C693BC21B44A3800FA4506 /* ImageTableViewCell.swift */; };
		60C693C921B44A3800FA4506 /* CacheManager.swift in Sources */ = {isa = PBXBuildFile; fileRef = 60C693C021B44A3800FA4506 /* CacheManager.swift */; };
		60C693CA21B44A3800FA4506 /* CacheAPI.swift in Sources */ = {isa = PBXBuildFile; fileRef = 60C693C121B44A3800FA4506 /* CacheAPI.swift */; };
		60C693D021B55D8800FA4506 /* ImageListViewController.swift in Sources */ = {isa = PBXBuildFile; fileRef = 60C693CF21B55D8800FA4506 /* ImageListViewController.swift */; };
		60C693D521B56CA800FA4506 /* Extensions.swift in Sources */ = {isa = PBXBuildFile; fileRef = 60C693D421B56CA800FA4506 /* Extensions.swift */; };
		A04E26D1A5A177F48D93955C /* Pods_Mindvalley_TestUITests.framework in Frameworks */ = {isa = PBXBuildFile; fileRef = 48FF8DB5E7FD32E585B6416D /* Pods_Mindvalley_TestUITests.framework */; };
		D4CB22776C1E071DD8F7DAEB /* Pods_Mindvalley_Test.framework in Frameworks */ = {isa = PBXBuildFile; fileRef = CE83A99E048AC6E61B10645C /* Pods_Mindvalley_Test.framework */; };
		FC5FD7611F2A5B4F0090055D /* AppDelegate.swift in Sources */ = {isa = PBXBuildFile; fileRef = FC5FD7601F2A5B4F0090055D /* AppDelegate.swift */; };
		FC5FD7661F2A5B4F0090055D /* Main.storyboard in Resources */ = {isa = PBXBuildFile; fileRef = FC5FD7641F2A5B4F0090055D /* Main.storyboard */; };
		FC5FD7681F2A5B4F0090055D /* Assets.xcassets in Resources */ = {isa = PBXBuildFile; fileRef = FC5FD7671F2A5B4F0090055D /* Assets.xcassets */; };
		FC5FD76B1F2A5B4F0090055D /* LaunchScreen.storyboard in Resources */ = {isa = PBXBuildFile; fileRef = FC5FD7691F2A5B4F0090055D /* LaunchScreen.storyboard */; };
		FC5FD7761F2A5B500090055D /* Mindvalley_TestTests.swift in Sources */ = {isa = PBXBuildFile; fileRef = FC5FD7751F2A5B500090055D /* Mindvalley_TestTests.swift */; };
		FC5FD7811F2A5B500090055D /* Mindvalley_TestUITests.swift in Sources */ = {isa = PBXBuildFile; fileRef = FC5FD7801F2A5B500090055D /* Mindvalley_TestUITests.swift */; };
/* End PBXBuildFile section */

/* Begin PBXContainerItemProxy section */
		FC5FD7721F2A5B500090055D /* PBXContainerItemProxy */ = {
			isa = PBXContainerItemProxy;
			containerPortal = FC5FD7551F2A5B4F0090055D /* Project object */;
			proxyType = 1;
			remoteGlobalIDString = FC5FD75C1F2A5B4F0090055D;
			remoteInfo = "Mindvalley Test";
		};
		FC5FD77D1F2A5B500090055D /* PBXContainerItemProxy */ = {
			isa = PBXContainerItemProxy;
			containerPortal = FC5FD7551F2A5B4F0090055D /* Project object */;
			proxyType = 1;
			remoteGlobalIDString = FC5FD75C1F2A5B4F0090055D;
			remoteInfo = "Mindvalley Test";
		};
/* End PBXContainerItemProxy section */

/* Begin PBXFileReference section */
		1ED3BB1101293F88C962F03B /* Pods-Mindvalley Test.release.xcconfig */ = {isa = PBXFileReference; includeInIndex = 1; lastKnownFileType = text.xcconfig; name = "Pods-Mindvalley Test.release.xcconfig"; path = "Pods/Target Support Files/Pods-Mindvalley Test/Pods-Mindvalley Test.release.xcconfig"; sourceTree = "<group>"; };
		48FF8DB5E7FD32E585B6416D /* Pods_Mindvalley_TestUITests.framework */ = {isa = PBXFileReference; explicitFileType = wrapper.framework; includeInIndex = 0; path = Pods_Mindvalley_TestUITests.framework; sourceTree = BUILT_PRODUCTS_DIR; };
		60C693B521B44A3800FA4506 /* ImageListViewModel.swift */ = {isa = PBXFileReference; fileEncoding = 4; lastKnownFileType = sourcecode.swift; path = ImageListViewModel.swift; sourceTree = "<group>"; };
		60C693B721B44A3800FA4506 /* CategoryDataModel.swift */ = {isa = PBXFileReference; fileEncoding = 4; lastKnownFileType = sourcecode.swift; path = CategoryDataModel.swift; sourceTree = "<group>"; };
		60C693B821B44A3800FA4506 /* BaseDataModel.swift */ = {isa = PBXFileReference; fileEncoding = 4; lastKnownFileType = sourcecode.swift; path = BaseDataModel.swift; sourceTree = "<group>"; };
		60C693B921B44A3800FA4506 /* UserDataModel.swift */ = {isa = PBXFileReference; fileEncoding = 4; lastKnownFileType = sourcecode.swift; path = UserDataModel.swift; sourceTree = "<group>"; };
		60C693BA21B44A3800FA4506 /* ImageDataModel.swift */ = {isa = PBXFileReference; fileEncoding = 4; lastKnownFileType = sourcecode.swift; path = ImageDataModel.swift; sourceTree = "<group>"; };
		60C693BC21B44A3800FA4506 /* ImageTableViewCell.swift */ = {isa = PBXFileReference; fileEncoding = 4; lastKnownFileType = sourcecode.swift; path = ImageTableViewCell.swift; sourceTree = "<group>"; };
		60C693C021B44A3800FA4506 /* CacheManager.swift */ = {isa = PBXFileReference; fileEncoding = 4; lastKnownFileType = sourcecode.swift; path = CacheManager.swift; sourceTree = "<group>"; };
		60C693C121B44A3800FA4506 /* CacheAPI.swift */ = {isa = PBXFileReference; fileEncoding = 4; lastKnownFileType = sourcecode.swift; path = CacheAPI.swift; sourceTree = "<group>"; };
		60C693CF21B55D8800FA4506 /* ImageListViewController.swift */ = {isa = PBXFileReference; fileEncoding = 4; lastKnownFileType = sourcecode.swift; path = ImageListViewController.swift; sourceTree = "<group>"; };
		60C693D421B56CA800FA4506 /* Extensions.swift */ = {isa = PBXFileReference; lastKnownFileType = sourcecode.swift; path = Extensions.swift; sourceTree = "<group>"; };
		6A10EA0316BA56E3B4136577 /* Pods_Mindvalley_TestTests.framework */ = {isa = PBXFileReference; explicitFileType = wrapper.framework; includeInIndex = 0; path = Pods_Mindvalley_TestTests.framework; sourceTree = BUILT_PRODUCTS_DIR; };
		B5E6FF9DCC3D9C361E804CA4 /* Pods-Mindvalley TestUITests.release.xcconfig */ = {isa = PBXFileReference; includeInIndex = 1; lastKnownFileType = text.xcconfig; name = "Pods-Mindvalley TestUITests.release.xcconfig"; path = "Pods/Target Support Files/Pods-Mindvalley TestUITests/Pods-Mindvalley TestUITests.release.xcconfig"; sourceTree = "<group>"; };
		CDA7BA9A309078BFEB972052 /* Pods-Mindvalley TestUITests.debug.xcconfig */ = {isa = PBXFileReference; includeInIndex = 1; lastKnownFileType = text.xcconfig; name = "Pods-Mindvalley TestUITests.debug.xcconfig"; path = "Pods/Target Support Files/Pods-Mindvalley TestUITests/Pods-Mindvalley TestUITests.debug.xcconfig"; sourceTree = "<group>"; };
		CE83A99E048AC6E61B10645C /* Pods_Mindvalley_Test.framework */ = {isa = PBXFileReference; explicitFileType = wrapper.framework; includeInIndex = 0; path = Pods_Mindvalley_Test.framework; sourceTree = BUILT_PRODUCTS_DIR; };
		DABCFAB3A11FAE0FC6B69E75 /* Pods-Mindvalley TestTests.release.xcconfig */ = {isa = PBXFileReference; includeInIndex = 1; lastKnownFileType = text.xcconfig; name = "Pods-Mindvalley TestTests.release.xcconfig"; path = "Pods/Target Support Files/Pods-Mindvalley TestTests/Pods-Mindvalley TestTests.release.xcconfig"; sourceTree = "<group>"; };
		E628B97F7DAB07FD7D242A72 /* Pods-Mindvalley TestTests.debug.xcconfig */ = {isa = PBXFileReference; includeInIndex = 1; lastKnownFileType = text.xcconfig; name = "Pods-Mindvalley TestTests.debug.xcconfig"; path = "Pods/Target Support Files/Pods-Mindvalley TestTests/Pods-Mindvalley TestTests.debug.xcconfig"; sourceTree = "<group>"; };
		FC5FD75D1F2A5B4F0090055D /* Mindvalley Test.app */ = {isa = PBXFileReference; explicitFileType = wrapper.application; includeInIndex = 0; path = "Mindvalley Test.app"; sourceTree = BUILT_PRODUCTS_DIR; };
		FC5FD7601F2A5B4F0090055D /* AppDelegate.swift */ = {isa = PBXFileReference; lastKnownFileType = sourcecode.swift; path = AppDelegate.swift; sourceTree = "<group>"; };
		FC5FD7651F2A5B4F0090055D /* Base */ = {isa = PBXFileReference; lastKnownFileType = file.storyboard; name = Base; path = Base.lproj/Main.storyboard; sourceTree = "<group>"; };
		FC5FD7671F2A5B4F0090055D /* Assets.xcassets */ = {isa = PBXFileReference; lastKnownFileType = folder.assetcatalog; path = Assets.xcassets; sourceTree = "<group>"; };
		FC5FD76A1F2A5B4F0090055D /* Base */ = {isa = PBXFileReference; lastKnownFileType = file.storyboard; name = Base; path = Base.lproj/LaunchScreen.storyboard; sourceTree = "<group>"; };
		FC5FD76C1F2A5B4F0090055D /* Info.plist */ = {isa = PBXFileReference; lastKnownFileType = text.plist.xml; path = Info.plist; sourceTree = "<group>"; };
		FC5FD7711F2A5B500090055D /* Mindvalley TestTests.xctest */ = {isa = PBXFileReference; explicitFileType = wrapper.cfbundle; includeInIndex = 0; path = "Mindvalley TestTests.xctest"; sourceTree = BUILT_PRODUCTS_DIR; };
		FC5FD7751F2A5B500090055D /* Mindvalley_TestTests.swift */ = {isa = PBXFileReference; lastKnownFileType = sourcecode.swift; path = Mindvalley_TestTests.swift; sourceTree = "<group>"; };
		FC5FD7771F2A5B500090055D /* Info.plist */ = {isa = PBXFileReference; lastKnownFileType = text.plist.xml; path = Info.plist; sourceTree = "<group>"; };
		FC5FD77C1F2A5B500090055D /* Mindvalley TestUITests.xctest */ = {isa = PBXFileReference; explicitFileType = wrapper.cfbundle; includeInIndex = 0; path = "Mindvalley TestUITests.xctest"; sourceTree = BUILT_PRODUCTS_DIR; };
		FC5FD7801F2A5B500090055D /* Mindvalley_TestUITests.swift */ = {isa = PBXFileReference; lastKnownFileType = sourcecode.swift; path = Mindvalley_TestUITests.swift; sourceTree = "<group>"; };
		FC5FD7821F2A5B500090055D /* Info.plist */ = {isa = PBXFileReference; lastKnownFileType = text.plist.xml; path = Info.plist; sourceTree = "<group>"; };
		FCA64C42C6247ED5E1218821 /* Pods-Mindvalley Test.debug.xcconfig */ = {isa = PBXFileReference; includeInIndex = 1; lastKnownFileType = text.xcconfig; name = "Pods-Mindvalley Test.debug.xcconfig"; path = "Pods/Target Support Files/Pods-Mindvalley Test/Pods-Mindvalley Test.debug.xcconfig"; sourceTree = "<group>"; };
/* End PBXFileReference section */

/* Begin PBXFrameworksBuildPhase section */
		FC5FD75A1F2A5B4F0090055D /* Frameworks */ = {
			isa = PBXFrameworksBuildPhase;
			buildActionMask = 2147483647;
			files = (
				D4CB22776C1E071DD8F7DAEB /* Pods_Mindvalley_Test.framework in Frameworks */,
			);
			runOnlyForDeploymentPostprocessing = 0;
		};
		FC5FD76E1F2A5B500090055D /* Frameworks */ = {
			isa = PBXFrameworksBuildPhase;
			buildActionMask = 2147483647;
			files = (
				0235F5C2AC5F0C7495AC2083 /* Pods_Mindvalley_TestTests.framework in Frameworks */,
			);
			runOnlyForDeploymentPostprocessing = 0;
		};
		FC5FD7791F2A5B500090055D /* Frameworks */ = {
			isa = PBXFrameworksBuildPhase;
			buildActionMask = 2147483647;
			files = (
				A04E26D1A5A177F48D93955C /* Pods_Mindvalley_TestUITests.framework in Frameworks */,
			);
			runOnlyForDeploymentPostprocessing = 0;
		};
/* End PBXFrameworksBuildPhase section */

/* Begin PBXGroup section */
		3265AE9E362E012567CDC407 /* Frameworks */ = {
			isa = PBXGroup;
			children = (
				CE83A99E048AC6E61B10645C /* Pods_Mindvalley_Test.framework */,
				6A10EA0316BA56E3B4136577 /* Pods_Mindvalley_TestTests.framework */,
				48FF8DB5E7FD32E585B6416D /* Pods_Mindvalley_TestUITests.framework */,
			);
			name = Frameworks;
			sourceTree = "<group>";
		};
		60C693B421B44A3800FA4506 /* ViewModel */ = {
			isa = PBXGroup;
			children = (
				60C693B521B44A3800FA4506 /* ImageListViewModel.swift */,
			);
			path = ViewModel;
			sourceTree = "<group>";
		};
		60C693B621B44A3800FA4506 /* DataModel */ = {
			isa = PBXGroup;
			children = (
				60C693B721B44A3800FA4506 /* CategoryDataModel.swift */,
				60C693B821B44A3800FA4506 /* BaseDataModel.swift */,
				60C693B921B44A3800FA4506 /* UserDataModel.swift */,
				60C693BA21B44A3800FA4506 /* ImageDataModel.swift */,
			);
			path = DataModel;
			sourceTree = "<group>";
		};
		60C693BB21B44A3800FA4506 /* TableViewCells */ = {
			isa = PBXGroup;
			children = (
				60C693BC21B44A3800FA4506 /* ImageTableViewCell.swift */,
			);
			path = TableViewCells;
			sourceTree = "<group>";
		};
		60C693BD21B44A3800FA4506 /* ViewControllers */ = {
			isa = PBXGroup;
			children = (
				60C693CF21B55D8800FA4506 /* ImageListViewController.swift */,
			);
			path = ViewControllers;
			sourceTree = "<group>";
		};
		60C693BF21B44A3800FA4506 /* Network */ = {
			isa = PBXGroup;
			children = (
				60C693C021B44A3800FA4506 /* CacheManager.swift */,
				60C693C121B44A3800FA4506 /* CacheAPI.swift */,
			);
			path = Network;
			sourceTree = "<group>";
		};
		60C693D121B56A0D00FA4506 /* Utility */ = {
			isa = PBXGroup;
			children = (
				60C693D421B56CA800FA4506 /* Extensions.swift */,
			);
			path = Utility;
			sourceTree = "<group>";
		};
		6CB2F8A65E7FC95597152A3B /* Pods */ = {
			isa = PBXGroup;
			children = (
				FCA64C42C6247ED5E1218821 /* Pods-Mindvalley Test.debug.xcconfig */,
				1ED3BB1101293F88C962F03B /* Pods-Mindvalley Test.release.xcconfig */,
				E628B97F7DAB07FD7D242A72 /* Pods-Mindvalley TestTests.debug.xcconfig */,
				DABCFAB3A11FAE0FC6B69E75 /* Pods-Mindvalley TestTests.release.xcconfig */,
				CDA7BA9A309078BFEB972052 /* Pods-Mindvalley TestUITests.debug.xcconfig */,
				B5E6FF9DCC3D9C361E804CA4 /* Pods-Mindvalley TestUITests.release.xcconfig */,
			);
			name = Pods;
			sourceTree = "<group>";
		};
		FC5FD7541F2A5B4F0090055D = {
			isa = PBXGroup;
			children = (
				FC5FD75F1F2A5B4F0090055D /* Mindvalley Test */,
				FC5FD7741F2A5B500090055D /* Mindvalley TestTests */,
				FC5FD77F1F2A5B500090055D /* Mindvalley TestUITests */,
				FC5FD75E1F2A5B4F0090055D /* Products */,
				6CB2F8A65E7FC95597152A3B /* Pods */,
				3265AE9E362E012567CDC407 /* Frameworks */,
			);
			sourceTree = "<group>";
		};
		FC5FD75E1F2A5B4F0090055D /* Products */ = {
			isa = PBXGroup;
			children = (
				FC5FD75D1F2A5B4F0090055D /* Mindvalley Test.app */,
				FC5FD7711F2A5B500090055D /* Mindvalley TestTests.xctest */,
				FC5FD77C1F2A5B500090055D /* Mindvalley TestUITests.xctest */,
			);
			name = Products;
			sourceTree = "<group>";
		};
		FC5FD75F1F2A5B4F0090055D /* Mindvalley Test */ = {
			isa = PBXGroup;
			children = (
				FC5FD7601F2A5B4F0090055D /* AppDelegate.swift */,
				60C693D121B56A0D00FA4506 /* Utility */,
				60C693B621B44A3800FA4506 /* DataModel */,
				60C693BF21B44A3800FA4506 /* Network */,
				60C693BB21B44A3800FA4506 /* TableViewCells */,
				60C693BD21B44A3800FA4506 /* ViewControllers */,
				60C693B421B44A3800FA4506 /* ViewModel */,
				FC5FD7641F2A5B4F0090055D /* Main.storyboard */,
				FC5FD7671F2A5B4F0090055D /* Assets.xcassets */,
				FC5FD7691F2A5B4F0090055D /* LaunchScreen.storyboard */,
				FC5FD76C1F2A5B4F0090055D /* Info.plist */,
			);
			path = "Mindvalley Test";
			sourceTree = "<group>";
		};
		FC5FD7741F2A5B500090055D /* Mindvalley TestTests */ = {
			isa = PBXGroup;
			children = (
				FC5FD7751F2A5B500090055D /* Mindvalley_TestTests.swift */,
				FC5FD7771F2A5B500090055D /* Info.plist */,
			);
			path = "Mindvalley TestTests";
			sourceTree = "<group>";
		};
		FC5FD77F1F2A5B500090055D /* Mindvalley TestUITests */ = {
			isa = PBXGroup;
			children = (
				FC5FD7801F2A5B500090055D /* Mindvalley_TestUITests.swift */,
				FC5FD7821F2A5B500090055D /* Info.plist */,
			);
			path = "Mindvalley TestUITests";
			sourceTree = "<group>";
		};
/* End PBXGroup section */

/* Begin PBXNativeTarget section */
		FC5FD75C1F2A5B4F0090055D /* Mindvalley Test */ = {
			isa = PBXNativeTarget;
			buildConfigurationList = FC5FD7851F2A5B500090055D /* Build configuration list for PBXNativeTarget "Mindvalley Test" */;
			buildPhases = (
				B7194AF2CBE60C583CDCFFC6 /* [CP] Check Pods Manifest.lock */,
				FC5FD7591F2A5B4F0090055D /* Sources */,
				FC5FD75A1F2A5B4F0090055D /* Frameworks */,
				FC5FD75B1F2A5B4F0090055D /* Resources */,
				A2DB692FE278A498B659982F /* [CP] Embed Pods Frameworks */,
				9320352EFE52C2F91B855D57 /* [CP] Copy Pods Resources */,
			);
			buildRules = (
			);
			dependencies = (
			);
			name = "Mindvalley Test";
			productName = "Mindvalley Test";
			productReference = FC5FD75D1F2A5B4F0090055D /* Mindvalley Test.app */;
			productType = "com.apple.product-type.application";
		};
		FC5FD7701F2A5B500090055D /* Mindvalley TestTests */ = {
			isa = PBXNativeTarget;
			buildConfigurationList = FC5FD7881F2A5B500090055D /* Build configuration list for PBXNativeTarget "Mindvalley TestTests" */;
			buildPhases = (
				530C8346E3F7E9C051521A96 /* [CP] Check Pods Manifest.lock */,
				FC5FD76D1F2A5B500090055D /* Sources */,
				FC5FD76E1F2A5B500090055D /* Frameworks */,
				FC5FD76F1F2A5B500090055D /* Resources */,
				3DB17E141E731F715F955FF5 /* [CP] Embed Pods Frameworks */,
				70C3792FDB5E0C6A741B019D /* [CP] Copy Pods Resources */,
			);
			buildRules = (
			);
			dependencies = (
				FC5FD7731F2A5B500090055D /* PBXTargetDependency */,
			);
			name = "Mindvalley TestTests";
			productName = "Mindvalley TestTests";
			productReference = FC5FD7711F2A5B500090055D /* Mindvalley TestTests.xctest */;
			productType = "com.apple.product-type.bundle.unit-test";
		};
		FC5FD77B1F2A5B500090055D /* Mindvalley TestUITests */ = {
			isa = PBXNativeTarget;
			buildConfigurationList = FC5FD78B1F2A5B500090055D /* Build configuration list for PBXNativeTarget "Mindvalley TestUITests" */;
			buildPhases = (
				2ABD2AF5DD38E1A4F809F03D /* [CP] Check Pods Manifest.lock */,
				FC5FD7781F2A5B500090055D /* Sources */,
				FC5FD7791F2A5B500090055D /* Frameworks */,
				FC5FD77A1F2A5B500090055D /* Resources */,
				EFA57B089877312A1ACF12FC /* [CP] Embed Pods Frameworks */,
				0442A7E97D2B596F186B6B61 /* [CP] Copy Pods Resources */,
			);
			buildRules = (
			);
			dependencies = (
				FC5FD77E1F2A5B500090055D /* PBXTargetDependency */,
			);
			name = "Mindvalley TestUITests";
			productName = "Mindvalley TestUITests";
			productReference = FC5FD77C1F2A5B500090055D /* Mindvalley TestUITests.xctest */;
			productType = "com.apple.product-type.bundle.ui-testing";
		};
/* End PBXNativeTarget section */

/* Begin PBXProject section */
		FC5FD7551F2A5B4F0090055D /* Project object */ = {
			isa = PBXProject;
			attributes = {
				LastSwiftUpdateCheck = 0830;
				LastUpgradeCheck = 1010;
				ORGANIZATIONNAME = "Venugopalan, Vimal";
				TargetAttributes = {
					FC5FD75C1F2A5B4F0090055D = {
						CreatedOnToolsVersion = 8.3.2;
						LastSwiftMigration = 1010;
						ProvisioningStyle = Automatic;
					};
					FC5FD7701F2A5B500090055D = {
						CreatedOnToolsVersion = 8.3.2;
						LastSwiftMigration = 1010;
						ProvisioningStyle = Automatic;
						TestTargetID = FC5FD75C1F2A5B4F0090055D;
					};
					FC5FD77B1F2A5B500090055D = {
						CreatedOnToolsVersion = 8.3.2;
						LastSwiftMigration = 1010;
						ProvisioningStyle = Automatic;
						TestTargetID = FC5FD75C1F2A5B4F0090055D;
					};
				};
			};
			buildConfigurationList = FC5FD7581F2A5B4F0090055D /* Build configuration list for PBXProject "Mindvalley Test" */;
			compatibilityVersion = "Xcode 9.3";
			developmentRegion = English;
			hasScannedForEncodings = 0;
			knownRegions = (
				en,
				Base,
			);
			mainGroup = FC5FD7541F2A5B4F0090055D;
			productRefGroup = FC5FD75E1F2A5B4F0090055D /* Products */;
			projectDirPath = "";
			projectRoot = "";
			targets = (
				FC5FD75C1F2A5B4F0090055D /* Mindvalley Test */,
				FC5FD7701F2A5B500090055D /* Mindvalley TestTests */,
				FC5FD77B1F2A5B500090055D /* Mindvalley TestUITests */,
			);
		};
/* End PBXProject section */

/* Begin PBXResourcesBuildPhase section */
		FC5FD75B1F2A5B4F0090055D /* Resources */ = {
			isa = PBXResourcesBuildPhase;
			buildActionMask = 2147483647;
			files = (
				FC5FD76B1F2A5B4F0090055D /* LaunchScreen.storyboard in Resources */,
				FC5FD7681F2A5B4F0090055D /* Assets.xcassets in Resources */,
				FC5FD7661F2A5B4F0090055D /* Main.storyboard in Resources */,
			);
			runOnlyForDeploymentPostprocessing = 0;
		};
		FC5FD76F1F2A5B500090055D /* Resources */ = {
			isa = PBXResourcesBuildPhase;
			buildActionMask = 2147483647;
			files = (
			);
			runOnlyForDeploymentPostprocessing = 0;
		};
		FC5FD77A1F2A5B500090055D /* Resources */ = {
			isa = PBXResourcesBuildPhase;
			buildActionMask = 2147483647;
			files = (
			);
			runOnlyForDeploymentPostprocessing = 0;
		};
/* End PBXResourcesBuildPhase section */

/* Begin PBXShellScriptBuildPhase section */
		0442A7E97D2B596F186B6B61 /* [CP] Copy Pods Resources */ = {
			isa = PBXShellScriptBuildPhase;
			buildActionMask = 2147483647;
			files = (
			);
			inputPaths = (
			);
			name = "[CP] Copy Pods Resources";
			outputPaths = (
			);
			runOnlyForDeploymentPostprocessing = 0;
			shellPath = /bin/sh;
			shellScript = "\"${SRCROOT}/Pods/Target Support Files/Pods-Mindvalley TestUITests/Pods-Mindvalley TestUITests-resources.sh\"\n";
			showEnvVarsInLog = 0;
		};
		2ABD2AF5DD38E1A4F809F03D /* [CP] Check Pods Manifest.lock */ = {
			isa = PBXShellScriptBuildPhase;
			buildActionMask = 2147483647;
			files = (
			);
			inputPaths = (
				"${PODS_PODFILE_DIR_PATH}/Podfile.lock",
				"${PODS_ROOT}/Manifest.lock",
			);
			name = "[CP] Check Pods Manifest.lock";
			outputPaths = (
				"$(DERIVED_FILE_DIR)/Pods-Mindvalley TestUITests-checkManifestLockResult.txt",
			);
			runOnlyForDeploymentPostprocessing = 0;
			shellPath = /bin/sh;
			shellScript = "diff \"${PODS_PODFILE_DIR_PATH}/Podfile.lock\" \"${PODS_ROOT}/Manifest.lock\" > /dev/null\nif [ $? != 0 ] ; then\n    # print error to STDERR\n    echo \"error: The sandbox is not in sync with the Podfile.lock. Run 'pod install' or update your CocoaPods installation.\" >&2\n    exit 1\nfi\n# This output is used by Xcode 'outputs' to avoid re-running this script phase.\necho \"SUCCESS\" > \"${SCRIPT_OUTPUT_FILE_0}\"\n";
			showEnvVarsInLog = 0;
		};
		3DB17E141E731F715F955FF5 /* [CP] Embed Pods Frameworks */ = {
			isa = PBXShellScriptBuildPhase;
			buildActionMask = 2147483647;
			files = (
			);
			inputPaths = (
			);
			name = "[CP] Embed Pods Frameworks";
			outputPaths = (
			);
			runOnlyForDeploymentPostprocessing = 0;
			shellPath = /bin/sh;
			shellScript = "\"${SRCROOT}/Pods/Target Support Files/Pods-Mindvalley TestTests/Pods-Mindvalley TestTests-frameworks.sh\"\n";
			showEnvVarsInLog = 0;
		};
		530C8346E3F7E9C051521A96 /* [CP] Check Pods Manifest.lock */ = {
			isa = PBXShellScriptBuildPhase;
			buildActionMask = 2147483647;
			files = (
			);
			inputPaths = (
				"${PODS_PODFILE_DIR_PATH}/Podfile.lock",
				"${PODS_ROOT}/Manifest.lock",
			);
			name = "[CP] Check Pods Manifest.lock";
			outputPaths = (
				"$(DERIVED_FILE_DIR)/Pods-Mindvalley TestTests-checkManifestLockResult.txt",
			);
			runOnlyForDeploymentPostprocessing = 0;
			shellPath = /bin/sh;
			shellScript = "diff \"${PODS_PODFILE_DIR_PATH}/Podfile.lock\" \"${PODS_ROOT}/Manifest.lock\" > /dev/null\nif [ $? != 0 ] ; then\n    # print error to STDERR\n    echo \"error: The sandbox is not in sync with the Podfile.lock. Run 'pod install' or update your CocoaPods installation.\" >&2\n    exit 1\nfi\n# This output is used by Xcode 'outputs' to avoid re-running this script phase.\necho \"SUCCESS\" > \"${SCRIPT_OUTPUT_FILE_0}\"\n";
			showEnvVarsInLog = 0;
		};
		70C3792FDB5E0C6A741B019D /* [CP] Copy Pods Resources */ = {
			isa = PBXShellScriptBuildPhase;
			buildActionMask = 2147483647;
			files = (
			);
			inputPaths = (
			);
			name = "[CP] Copy Pods Resources";
			outputPaths = (
			);
			runOnlyForDeploymentPostprocessing = 0;
			shellPath = /bin/sh;
			shellScript = "\"${SRCROOT}/Pods/Target Support Files/Pods-Mindvalley TestTests/Pods-Mindvalley TestTests-resources.sh\"\n";
			showEnvVarsInLog = 0;
		};
		9320352EFE52C2F91B855D57 /* [CP] Copy Pods Resources */ = {
			isa = PBXShellScriptBuildPhase;
			buildActionMask = 2147483647;
			files = (
			);
			inputPaths = (
			);
			name = "[CP] Copy Pods Resources";
			outputPaths = (
			);
			runOnlyForDeploymentPostprocessing = 0;
			shellPath = /bin/sh;
			shellScript = "\"${SRCROOT}/Pods/Target Support Files/Pods-Mindvalley Test/Pods-Mindvalley Test-resources.sh\"\n";
			showEnvVarsInLog = 0;
		};
		A2DB692FE278A498B659982F /* [CP] Embed Pods Frameworks */ = {
			isa = PBXShellScriptBuildPhase;
			buildActionMask = 2147483647;
			files = (
			);
			inputPaths = (
				"${SRCROOT}/Pods/Target Support Files/Pods-Mindvalley Test/Pods-Mindvalley Test-frameworks.sh",
				"${BUILT_PRODUCTS_DIR}/CellAnimator/CellAnimator.framework",
				"${BUILT_PRODUCTS_DIR}/Toast-Swift/Toast_Swift.framework",
			);
			name = "[CP] Embed Pods Frameworks";
			outputPaths = (
				"${TARGET_BUILD_DIR}/${FRAMEWORKS_FOLDER_PATH}/CellAnimator.framework",
				"${TARGET_BUILD_DIR}/${FRAMEWORKS_FOLDER_PATH}/Toast_Swift.framework",
			);
			runOnlyForDeploymentPostprocessing = 0;
			shellPath = /bin/sh;
			shellScript = "\"${SRCROOT}/Pods/Target Support Files/Pods-Mindvalley Test/Pods-Mindvalley Test-frameworks.sh\"\n";
			showEnvVarsInLog = 0;
		};
		B7194AF2CBE60C583CDCFFC6 /* [CP] Check Pods Manifest.lock */ = {
			isa = PBXShellScriptBuildPhase;
			buildActionMask = 2147483647;
			files = (
			);
			inputPaths = (
				"${PODS_PODFILE_DIR_PATH}/Podfile.lock",
				"${PODS_ROOT}/Manifest.lock",
			);
			name = "[CP] Check Pods Manifest.lock";
			outputPaths = (
				"$(DERIVED_FILE_DIR)/Pods-Mindvalley Test-checkManifestLockResult.txt",
			);
			runOnlyForDeploymentPostprocessing = 0;
			shellPath = /bin/sh;
			shellScript = "diff \"${PODS_PODFILE_DIR_PATH}/Podfile.lock\" \"${PODS_ROOT}/Manifest.lock\" > /dev/null\nif [ $? != 0 ] ; then\n    # print error to STDERR\n    echo \"error: The sandbox is not in sync with the Podfile.lock. Run 'pod install' or update your CocoaPods installation.\" >&2\n    exit 1\nfi\n# This output is used by Xcode 'outputs' to avoid re-running this script phase.\necho \"SUCCESS\" > \"${SCRIPT_OUTPUT_FILE_0}\"\n";
			showEnvVarsInLog = 0;
		};
		EFA57B089877312A1ACF12FC /* [CP] Embed Pods Frameworks */ = {
			isa = PBXShellScriptBuildPhase;
			buildActionMask = 2147483647;
			files = (
			);
			inputPaths = (
			);
			name = "[CP] Embed Pods Frameworks";
			outputPaths = (
			);
			runOnlyForDeploymentPostprocessing = 0;
			shellPath = /bin/sh;
			shellScript = "\"${SRCROOT}/Pods/Target Support Files/Pods-Mindvalley TestUITests/Pods-Mindvalley TestUITests-frameworks.sh\"\n";
			showEnvVarsInLog = 0;
		};
/* End PBXShellScriptBuildPhase section */

/* Begin PBXSourcesBuildPhase section */
		FC5FD7591F2A5B4F0090055D /* Sources */ = {
			isa = PBXSourcesBuildPhase;
			buildActionMask = 2147483647;
			files = (
				60C693D021B55D8800FA4506 /* ImageListViewController.swift in Sources */,
				60C693C721B44A3800FA4506 /* ImageTableViewCell.swift in Sources */,
				60C693C921B44A3800FA4506 /* CacheManager.swift in Sources */,
				60C693C421B44A3800FA4506 /* BaseDataModel.swift in Sources */,
				60C693C621B44A3800FA4506 /* ImageDataModel.swift in Sources */,
				60C693C321B44A3800FA4506 /* CategoryDataModel.swift in Sources */,
				60C693C521B44A3800FA4506 /* UserDataModel.swift in Sources */,
				60C693C221B44A3800FA4506 /* ImageListViewModel.swift in Sources */,
				60C693CA21B44A3800FA4506 /* CacheAPI.swift in Sources */,
				60C693D521B56CA800FA4506 /* Extensions.swift in Sources */,
				FC5FD7611F2A5B4F0090055D /* AppDelegate.swift in Sources */,
			);
			runOnlyForDeploymentPostprocessing = 0;
		};
		FC5FD76D1F2A5B500090055D /* Sources */ = {
			isa = PBXSourcesBuildPhase;
			buildActionMask = 2147483647;
			files = (
				FC5FD7761F2A5B500090055D /* Mindvalley_TestTests.swift in Sources */,
			);
			runOnlyForDeploymentPostprocessing = 0;
		};
		FC5FD7781F2A5B500090055D /* Sources */ = {
			isa = PBXSourcesBuildPhase;
			buildActionMask = 2147483647;
			files = (
				FC5FD7811F2A5B500090055D /* Mindvalley_TestUITests.swift in Sources */,
			);
			runOnlyForDeploymentPostprocessing = 0;
		};
/* End PBXSourcesBuildPhase section */

/* Begin PBXTargetDependency section */
		FC5FD7731F2A5B500090055D /* PBXTargetDependency */ = {
			isa = PBXTargetDependency;
			target = FC5FD75C1F2A5B4F0090055D /* Mindvalley Test */;
			targetProxy = FC5FD7721F2A5B500090055D /* PBXContainerItemProxy */;
		};
		FC5FD77E1F2A5B500090055D /* PBXTargetDependency */ = {
			isa = PBXTargetDependency;
			target = FC5FD75C1F2A5B4F0090055D /* Mindvalley Test */;
			targetProxy = FC5FD77D1F2A5B500090055D /* PBXContainerItemProxy */;
		};
/* End PBXTargetDependency section */

/* Begin PBXVariantGroup section */
		FC5FD7641F2A5B4F0090055D /* Main.storyboard */ = {
			isa = PBXVariantGroup;
			children = (
				FC5FD7651F2A5B4F0090055D /* Base */,
			);
			name = Main.storyboard;
			sourceTree = "<group>";
		};
		FC5FD7691F2A5B4F0090055D /* LaunchScreen.storyboard */ = {
			isa = PBXVariantGroup;
			children = (
				FC5FD76A1F2A5B4F0090055D /* Base */,
			);
			name = LaunchScreen.storyboard;
			sourceTree = "<group>";
		};
/* End PBXVariantGroup section */

/* Begin XCBuildConfiguration section */
		FC5FD7831F2A5B500090055D /* Debug */ = {
			isa = XCBuildConfiguration;
			buildSettings = {
				ALWAYS_SEARCH_USER_PATHS = NO;
				CLANG_ANALYZER_NONNULL = YES;
				CLANG_ANALYZER_NUMBER_OBJECT_CONVERSION = YES_AGGRESSIVE;
				CLANG_CXX_LANGUAGE_STANDARD = "gnu++0x";
				CLANG_CXX_LIBRARY = "libc++";
				CLANG_ENABLE_MODULES = YES;
				CLANG_ENABLE_OBJC_ARC = YES;
				CLANG_WARN_BLOCK_CAPTURE_AUTORELEASING = YES;
				CLANG_WARN_BOOL_CONVERSION = YES;
				CLANG_WARN_COMMA = YES;
				CLANG_WARN_CONSTANT_CONVERSION = YES;
				CLANG_WARN_DEPRECATED_OBJC_IMPLEMENTATIONS = YES;
				CLANG_WARN_DIRECT_OBJC_ISA_USAGE = YES_ERROR;
				CLANG_WARN_DOCUMENTATION_COMMENTS = YES;
				CLANG_WARN_EMPTY_BODY = YES;
				CLANG_WARN_ENUM_CONVERSION = YES;
				CLANG_WARN_INFINITE_RECURSION = YES;
				CLANG_WARN_INT_CONVERSION = YES;
				CLANG_WARN_NON_LITERAL_NULL_CONVERSION = YES;
				CLANG_WARN_OBJC_IMPLICIT_RETAIN_SELF = YES;
				CLANG_WARN_OBJC_LITERAL_CONVERSION = YES;
				CLANG_WARN_OBJC_ROOT_CLASS = YES_ERROR;
				CLANG_WARN_RANGE_LOOP_ANALYSIS = YES;
				CLANG_WARN_STRICT_PROTOTYPES = YES;
				CLANG_WARN_SUSPICIOUS_MOVE = YES;
				CLANG_WARN_UNREACHABLE_CODE = YES;
				CLANG_WARN__DUPLICATE_METHOD_MATCH = YES;
				"CODE_SIGN_IDENTITY[sdk=iphoneos*]" = "iPhone Developer";
				COPY_PHASE_STRIP = NO;
				DEBUG_INFORMATION_FORMAT = dwarf;
				ENABLE_STRICT_OBJC_MSGSEND = YES;
				ENABLE_TESTABILITY = YES;
				GCC_C_LANGUAGE_STANDARD = gnu99;
				GCC_DYNAMIC_NO_PIC = NO;
				GCC_NO_COMMON_BLOCKS = YES;
				GCC_OPTIMIZATION_LEVEL = 0;
				GCC_PREPROCESSOR_DEFINITIONS = (
					"DEBUG=1",
					"$(inherited)",
				);
				GCC_WARN_64_TO_32_BIT_CONVERSION = YES;
				GCC_WARN_ABOUT_RETURN_TYPE = YES_ERROR;
				GCC_WARN_UNDECLARED_SELECTOR = YES;
				GCC_WARN_UNINITIALIZED_AUTOS = YES_AGGRESSIVE;
				GCC_WARN_UNUSED_FUNCTION = YES;
				GCC_WARN_UNUSED_VARIABLE = YES;
				IPHONEOS_DEPLOYMENT_TARGET = 10.3;
				MTL_ENABLE_DEBUG_INFO = YES;
				ONLY_ACTIVE_ARCH = YES;
				SDKROOT = iphoneos;
				SWIFT_ACTIVE_COMPILATION_CONDITIONS = DEBUG;
				SWIFT_OPTIMIZATION_LEVEL = "-Onone";
				TARGETED_DEVICE_FAMILY = "1,2";
			};
			name = Debug;
		};
		FC5FD7841F2A5B500090055D /* Release */ = {
			isa = XCBuildConfiguration;
			buildSettings = {
				ALWAYS_SEARCH_USER_PATHS = NO;
				CLANG_ANALYZER_NONNULL = YES;
				CLANG_ANALYZER_NUMBER_OBJECT_CONVERSION = YES_AGGRESSIVE;
				CLANG_CXX_LANGUAGE_STANDARD = "gnu++0x";
				CLANG_CXX_LIBRARY = "libc++";
				CLANG_ENABLE_MODULES = YES;
				CLANG_ENABLE_OBJC_ARC = YES;
				CLANG_WARN_BLOCK_CAPTURE_AUTORELEASING = YES;
				CLANG_WARN_BOOL_CONVERSION = YES;
				CLANG_WARN_COMMA = YES;
				CLANG_WARN_CONSTANT_CONVERSION = YES;
				CLANG_WARN_DEPRECATED_OBJC_IMPLEMENTATIONS = YES;
				CLANG_WARN_DIRECT_OBJC_ISA_USAGE = YES_ERROR;
				CLANG_WARN_DOCUMENTATION_COMMENTS = YES;
				CLANG_WARN_EMPTY_BODY = YES;
				CLANG_WARN_ENUM_CONVERSION = YES;
				CLANG_WARN_INFINITE_RECURSION = YES;
				CLANG_WARN_INT_CONVERSION = YES;
				CLANG_WARN_NON_LITERAL_NULL_CONVERSION = YES;
				CLANG_WARN_OBJC_IMPLICIT_RETAIN_SELF = YES;
				CLANG_WARN_OBJC_LITERAL_CONVERSION = YES;
				CLANG_WARN_OBJC_ROOT_CLASS = YES_ERROR;
				CLANG_WARN_RANGE_LOOP_ANALYSIS = YES;
				CLANG_WARN_STRICT_PROTOTYPES = YES;
				CLANG_WARN_SUSPICIOUS_MOVE = YES;
				CLANG_WARN_UNREACHABLE_CODE = YES;
				CLANG_WARN__DUPLICATE_METHOD_MATCH = YES;
				"CODE_SIGN_IDENTITY[sdk=iphoneos*]" = "iPhone Developer";
				COPY_PHASE_STRIP = NO;
				DEBUG_INFORMATION_FORMAT = "dwarf-with-dsym";
				ENABLE_NS_ASSERTIONS = NO;
				ENABLE_STRICT_OBJC_MSGSEND = YES;
				GCC_C_LANGUAGE_STANDARD = gnu99;
				GCC_NO_COMMON_BLOCKS = YES;
				GCC_WARN_64_TO_32_BIT_CONVERSION = YES;
				GCC_WARN_ABOUT_RETURN_TYPE = YES_ERROR;
				GCC_WARN_UNDECLARED_SELECTOR = YES;
				GCC_WARN_UNINITIALIZED_AUTOS = YES_AGGRESSIVE;
				GCC_WARN_UNUSED_FUNCTION = YES;
				GCC_WARN_UNUSED_VARIABLE = YES;
				IPHONEOS_DEPLOYMENT_TARGET = 10.3;
				MTL_ENABLE_DEBUG_INFO = NO;
				SDKROOT = iphoneos;
				SWIFT_COMPILATION_MODE = wholemodule;
				SWIFT_OPTIMIZATION_LEVEL = "-O";
				TARGETED_DEVICE_FAMILY = "1,2";
				VALIDATE_PRODUCT = YES;
			};
			name = Release;
		};
		FC5FD7861F2A5B500090055D /* Debug */ = {
			isa = XCBuildConfiguration;
			baseConfigurationReference = FCA64C42C6247ED5E1218821 /* Pods-Mindvalley Test.debug.xcconfig */;
			buildSettings = {
				ASSETCATALOG_COMPILER_APPICON_NAME = AppIcon;
				INFOPLIST_FILE = "Mindvalley Test/Info.plist";
				LD_RUNPATH_SEARCH_PATHS = (
					"$(inherited)",
					"@executable_path/Frameworks",
				);
				PRODUCT_BUNDLE_IDENTIFIER = "com.vimal.Mindvalley-Test";
				PRODUCT_NAME = "$(TARGET_NAME)";
				SWIFT_SWIFT3_OBJC_INFERENCE = Off;
				SWIFT_VERSION = 4.2;
			};
			name = Debug;
		};
		FC5FD7871F2A5B500090055D /* Release */ = {
			isa = XCBuildConfiguration;
			baseConfigurationReference = 1ED3BB1101293F88C962F03B /* Pods-Mindvalley Test.release.xcconfig */;
			buildSettings = {
				ASSETCATALOG_COMPILER_APPICON_NAME = AppIcon;
				INFOPLIST_FILE = "Mindvalley Test/Info.plist";
				LD_RUNPATH_SEARCH_PATHS = (
					"$(inherited)",
					"@executable_path/Frameworks",
				);
				PRODUCT_BUNDLE_IDENTIFIER = "com.vimal.Mindvalley-Test";
				PRODUCT_NAME = "$(TARGET_NAME)";
				SWIFT_SWIFT3_OBJC_INFERENCE = Off;
				SWIFT_VERSION = 4.2;
			};
			name = Release;
		};
		FC5FD7891F2A5B500090055D /* Debug */ = {
			isa = XCBuildConfiguration;
			baseConfigurationReference = E628B97F7DAB07FD7D242A72 /* Pods-Mindvalley TestTests.debug.xcconfig */;
			buildSettings = {
				ALWAYS_EMBED_SWIFT_STANDARD_LIBRARIES = YES;
				BUNDLE_LOADER = "$(TEST_HOST)";
				INFOPLIST_FILE = "Mindvalley TestTests/Info.plist";
				LD_RUNPATH_SEARCH_PATHS = (
					"$(inherited)",
					"@executable_path/Frameworks",
					"@loader_path/Frameworks",
				);
				PRODUCT_BUNDLE_IDENTIFIER = "com.coca.Mindvalley-TestTests";
				PRODUCT_NAME = "$(TARGET_NAME)";
				SWIFT_SWIFT3_OBJC_INFERENCE = On;
				SWIFT_VERSION = 4.2;
				TEST_HOST = "$(BUILT_PRODUCTS_DIR)/Mindvalley Test.app/Mindvalley Test";
			};
			name = Debug;
		};
		FC5FD78A1F2A5B500090055D /* Release */ = {
			isa = XCBuildConfiguration;
			baseConfigurationReference = DABCFAB3A11FAE0FC6B69E75 /* Pods-Mindvalley TestTests.release.xcconfig */;
			buildSettings = {
				ALWAYS_EMBED_SWIFT_STANDARD_LIBRARIES = YES;
				BUNDLE_LOADER = "$(TEST_HOST)";
				INFOPLIST_FILE = "Mindvalley TestTests/Info.plist";
				LD_RUNPATH_SEARCH_PATHS = (
					"$(inherited)",
					"@executable_path/Frameworks",
					"@loader_path/Frameworks",
				);
				PRODUCT_BUNDLE_IDENTIFIER = "com.coca.Mindvalley-TestTests";
				PRODUCT_NAME = "$(TARGET_NAME)";
				SWIFT_SWIFT3_OBJC_INFERENCE = On;
				SWIFT_VERSION = 4.2;
				TEST_HOST = "$(BUILT_PRODUCTS_DIR)/Mindvalley Test.app/Mindvalley Test";
			};
			name = Release;
		};
		FC5FD78C1F2A5B500090055D /* Debug */ = {
			isa = XCBuildConfiguration;
			baseConfigurationReference = CDA7BA9A309078BFEB972052 /* Pods-Mindvalley TestUITests.debug.xcconfig */;
			buildSettings = {
				ALWAYS_EMBED_SWIFT_STANDARD_LIBRARIES = YES;
				INFOPLIST_FILE = "Mindvalley TestUITests/Info.plist";
				LD_RUNPATH_SEARCH_PATHS = (
					"$(inherited)",
					"@executable_path/Frameworks",
					"@loader_path/Frameworks",
				);
				PRODUCT_BUNDLE_IDENTIFIER = "com.coca.Mindvalley-TestUITests";
				PRODUCT_NAME = "$(TARGET_NAME)";
				SWIFT_SWIFT3_OBJC_INFERENCE = On;
				SWIFT_VERSION = 4.2;
				TEST_TARGET_NAME = "Mindvalley Test";
			};
			name = Debug;
		};
		FC5FD78D1F2A5B500090055D /* Release */ = {
			isa = XCBuildConfiguration;
			baseConfigurationReference = B5E6FF9DCC3D9C361E804CA4 /* Pods-Mindvalley TestUITests.release.xcconfig */;
			buildSettings = {
				ALWAYS_EMBED_SWIFT_STANDARD_LIBRARIES = YES;
				INFOPLIST_FILE = "Mindvalley TestUITests/Info.plist";
				LD_RUNPATH_SEARCH_PATHS = (
					"$(inherited)",
					"@executable_path/Frameworks",
					"@loader_path/Frameworks",
				);
				PRODUCT_BUNDLE_IDENTIFIER = "com.coca.Mindvalley-TestUITests";
				PRODUCT_NAME = "$(TARGET_NAME)";
				SWIFT_SWIFT3_OBJC_INFERENCE = On;
				SWIFT_VERSION = 4.2;
				TEST_TARGET_NAME = "Mindvalley Test";
			};
			name = Release;
		};
/* End XCBuildConfiguration section */

/* Begin XCConfigurationList section */
		FC5FD7581F2A5B4F0090055D /* Build configuration list for PBXProject "Mindvalley Test" */ = {
			isa = XCConfigurationList;
			buildConfigurations = (
				FC5FD7831F2A5B500090055D /* Debug */,
				FC5FD7841F2A5B500090055D /* Release */,
			);
			defaultConfigurationIsVisible = 0;
			defaultConfigurationName = Release;
		};
		FC5FD7851F2A5B500090055D /* Build configuration list for PBXNativeTarget "Mindvalley Test" */ = {
			isa = XCConfigurationList;
			buildConfigurations = (
				FC5FD7861F2A5B500090055D /* Debug */,
				FC5FD7871F2A5B500090055D /* Release */,
			);
			defaultConfigurationIsVisible = 0;
			defaultConfigurationName = Release;
		};
		FC5FD7881F2A5B500090055D /* Build configuration list for PBXNativeTarget "Mindvalley TestTests" */ = {
			isa = XCConfigurationList;
			buildConfigurations = (
				FC5FD7891F2A5B500090055D /* Debug */,
				FC5FD78A1F2A5B500090055D /* Release */,
			);
			defaultConfigurationIsVisible = 0;
			defaultConfigurationName = Release;
		};
		FC5FD78B1F2A5B500090055D /* Build configuration list for PBXNativeTarget "Mindvalley TestUITests" */ = {
			isa = XCConfigurationList;
			buildConfigurations = (
				FC5FD78C1F2A5B500090055D /* Debug */,
				FC5FD78D1F2A5B500090055D /* Release */,
			);
			defaultConfigurationIsVisible = 0;
			defaultConfigurationName = Release;
		};
/* End XCConfigurationList section */
	};
	rootObject = FC5FD7551F2A5B4F0090055D /* Project object */;
}
